// !$*UTF8*$!
{
	archiveVersion = 1;
	classes = {
	};
	objectVersion = 55;
	objects = {

/* Begin PBXBuildFile section */
		81B1801727C0D767009C29B7 /* AppDelegate.swift in Sources */ = {isa = PBXBuildFile; fileRef = 81B1801627C0D767009C29B7 /* AppDelegate.swift */; };
		81B1801927C0D767009C29B7 /* SceneDelegate.swift in Sources */ = {isa = PBXBuildFile; fileRef = 81B1801827C0D767009C29B7 /* SceneDelegate.swift */; };
		81B1801B27C0D767009C29B7 /* ViewController.swift in Sources */ = {isa = PBXBuildFile; fileRef = 81B1801A27C0D767009C29B7 /* ViewController.swift */; };
		81B1801E27C0D767009C29B7 /* Main.storyboard in Resources */ = {isa = PBXBuildFile; fileRef = 81B1801C27C0D767009C29B7 /* Main.storyboard */; };
		81B1802027C0D76B009C29B7 /* Assets.xcassets in Resources */ = {isa = PBXBuildFile; fileRef = 81B1801F27C0D76B009C29B7 /* Assets.xcassets */; };
		81B1802327C0D76B009C29B7 /* LaunchScreen.storyboard in Resources */ = {isa = PBXBuildFile; fileRef = 81B1802127C0D76B009C29B7 /* LaunchScreen.storyboard */; };
		81B1802E27C0D76B009C29B7 /* SpaceXTests.swift in Sources */ = {isa = PBXBuildFile; fileRef = 81B1802D27C0D76B009C29B7 /* SpaceXTests.swift */; };
		81B1803827C0D76B009C29B7 /* SpaceXUITests.swift in Sources */ = {isa = PBXBuildFile; fileRef = 81B1803727C0D76B009C29B7 /* SpaceXUITests.swift */; };
		81B1803A27C0D76B009C29B7 /* SpaceXUITestsLaunchTests.swift in Sources */ = {isa = PBXBuildFile; fileRef = 81B1803927C0D76B009C29B7 /* SpaceXUITestsLaunchTests.swift */; };
		81B1804927C0DA1E009C29B7 /* Moya in Frameworks */ = {isa = PBXBuildFile; productRef = 81B1804827C0DA1E009C29B7 /* Moya */; };
		81B1804B27C0DA1E009C29B7 /* ReactiveMoya in Frameworks */ = {isa = PBXBuildFile; productRef = 81B1804A27C0DA1E009C29B7 /* ReactiveMoya */; };
		81B1804D27C0DA1E009C29B7 /* RxMoya in Frameworks */ = {isa = PBXBuildFile; productRef = 81B1804C27C0DA1E009C29B7 /* RxMoya */; };
		81B1805027C0DA86009C29B7 /* SDWebImage in Frameworks */ = {isa = PBXBuildFile; productRef = 81B1804F27C0DA86009C29B7 /* SDWebImage */; };
		81B1805527C0DDAE009C29B7 /* Rocket.swift in Sources */ = {isa = PBXBuildFile; fileRef = 81B1805427C0DDAE009C29B7 /* Rocket.swift */; };
		81B1805627C0DDAF009C29B7 /* Rocket.swift in Sources */ = {isa = PBXBuildFile; fileRef = 81B1805427C0DDAE009C29B7 /* Rocket.swift */; };
		81B1805727C0DDAF009C29B7 /* Rocket.swift in Sources */ = {isa = PBXBuildFile; fileRef = 81B1805427C0DDAE009C29B7 /* Rocket.swift */; };
		81B1805927C0E0FD009C29B7 /* Diameter.swift in Sources */ = {isa = PBXBuildFile; fileRef = 81B1805827C0E0FD009C29B7 /* Diameter.swift */; };
		81B1805A27C0E0FD009C29B7 /* Diameter.swift in Sources */ = {isa = PBXBuildFile; fileRef = 81B1805827C0E0FD009C29B7 /* Diameter.swift */; };
		81B1805B27C0E0FD009C29B7 /* Diameter.swift in Sources */ = {isa = PBXBuildFile; fileRef = 81B1805827C0E0FD009C29B7 /* Diameter.swift */; };
		81B1805D27C0E13F009C29B7 /* Engines.swift in Sources */ = {isa = PBXBuildFile; fileRef = 81B1805C27C0E13F009C29B7 /* Engines.swift */; };
		81B1805E27C0E13F009C29B7 /* Engines.swift in Sources */ = {isa = PBXBuildFile; fileRef = 81B1805C27C0E13F009C29B7 /* Engines.swift */; };
		81B1805F27C0E13F009C29B7 /* Engines.swift in Sources */ = {isa = PBXBuildFile; fileRef = 81B1805C27C0E13F009C29B7 /* Engines.swift */; };
		81B1806127C0E1A3009C29B7 /* ISP.swift in Sources */ = {isa = PBXBuildFile; fileRef = 81B1806027C0E1A3009C29B7 /* ISP.swift */; };
		81B1806227C0E1A3009C29B7 /* ISP.swift in Sources */ = {isa = PBXBuildFile; fileRef = 81B1806027C0E1A3009C29B7 /* ISP.swift */; };
		81B1806327C0E1A3009C29B7 /* ISP.swift in Sources */ = {isa = PBXBuildFile; fileRef = 81B1806027C0E1A3009C29B7 /* ISP.swift */; };
		81B1806527C0E1D1009C29B7 /* Thrust.swift in Sources */ = {isa = PBXBuildFile; fileRef = 81B1806427C0E1D1009C29B7 /* Thrust.swift */; };
		81B1806627C0E1D1009C29B7 /* Thrust.swift in Sources */ = {isa = PBXBuildFile; fileRef = 81B1806427C0E1D1009C29B7 /* Thrust.swift */; };
		81B1806727C0E1D1009C29B7 /* Thrust.swift in Sources */ = {isa = PBXBuildFile; fileRef = 81B1806427C0E1D1009C29B7 /* Thrust.swift */; };
		81B1806927C0E203009C29B7 /* FirstStage.swift in Sources */ = {isa = PBXBuildFile; fileRef = 81B1806827C0E203009C29B7 /* FirstStage.swift */; };
		81B1806A27C0E203009C29B7 /* FirstStage.swift in Sources */ = {isa = PBXBuildFile; fileRef = 81B1806827C0E203009C29B7 /* FirstStage.swift */; };
		81B1806B27C0E203009C29B7 /* FirstStage.swift in Sources */ = {isa = PBXBuildFile; fileRef = 81B1806827C0E203009C29B7 /* FirstStage.swift */; };
		81B1806D27C0E237009C29B7 /* LandingLegs.swift in Sources */ = {isa = PBXBuildFile; fileRef = 81B1806C27C0E236009C29B7 /* LandingLegs.swift */; };
		81B1806E27C0E237009C29B7 /* LandingLegs.swift in Sources */ = {isa = PBXBuildFile; fileRef = 81B1806C27C0E236009C29B7 /* LandingLegs.swift */; };
		81B1806F27C0E237009C29B7 /* LandingLegs.swift in Sources */ = {isa = PBXBuildFile; fileRef = 81B1806C27C0E236009C29B7 /* LandingLegs.swift */; };
		81B1807127C0E29D009C29B7 /* File.swift in Sources */ = {isa = PBXBuildFile; fileRef = 81B1807027C0E29C009C29B7 /* File.swift */; };
		81B1807227C0E29D009C29B7 /* File.swift in Sources */ = {isa = PBXBuildFile; fileRef = 81B1807027C0E29C009C29B7 /* File.swift */; };
		81B1807327C0E29D009C29B7 /* File.swift in Sources */ = {isa = PBXBuildFile; fileRef = 81B1807027C0E29C009C29B7 /* File.swift */; };
		81B1807527C0E2E6009C29B7 /* PayloadWeight.swift in Sources */ = {isa = PBXBuildFile; fileRef = 81B1807427C0E2E6009C29B7 /* PayloadWeight.swift */; };
		81B1807627C0E2E6009C29B7 /* PayloadWeight.swift in Sources */ = {isa = PBXBuildFile; fileRef = 81B1807427C0E2E6009C29B7 /* PayloadWeight.swift */; };
		81B1807727C0E2E6009C29B7 /* PayloadWeight.swift in Sources */ = {isa = PBXBuildFile; fileRef = 81B1807427C0E2E6009C29B7 /* PayloadWeight.swift */; };
		81B1807927C0E311009C29B7 /* SecondStage.swift in Sources */ = {isa = PBXBuildFile; fileRef = 81B1807827C0E310009C29B7 /* SecondStage.swift */; };
		81B1807A27C0E311009C29B7 /* SecondStage.swift in Sources */ = {isa = PBXBuildFile; fileRef = 81B1807827C0E310009C29B7 /* SecondStage.swift */; };
		81B1807B27C0E311009C29B7 /* SecondStage.swift in Sources */ = {isa = PBXBuildFile; fileRef = 81B1807827C0E310009C29B7 /* SecondStage.swift */; };
		81B1807D27C0E33F009C29B7 /* Payloads.swift in Sources */ = {isa = PBXBuildFile; fileRef = 81B1807C27C0E33F009C29B7 /* Payloads.swift */; };
		81B1807E27C0E33F009C29B7 /* Payloads.swift in Sources */ = {isa = PBXBuildFile; fileRef = 81B1807C27C0E33F009C29B7 /* Payloads.swift */; };
		81B1807F27C0E33F009C29B7 /* Payloads.swift in Sources */ = {isa = PBXBuildFile; fileRef = 81B1807C27C0E33F009C29B7 /* Payloads.swift */; };
		81B1808127C0E371009C29B7 /* CompositeFairing.swift in Sources */ = {isa = PBXBuildFile; fileRef = 81B1808027C0E371009C29B7 /* CompositeFairing.swift */; };
		81B1808227C0E371009C29B7 /* CompositeFairing.swift in Sources */ = {isa = PBXBuildFile; fileRef = 81B1808027C0E371009C29B7 /* CompositeFairing.swift */; };
		81B1808327C0E371009C29B7 /* CompositeFairing.swift in Sources */ = {isa = PBXBuildFile; fileRef = 81B1808027C0E371009C29B7 /* CompositeFairing.swift */; };
/* End PBXBuildFile section */

/* Begin PBXContainerItemProxy section */
		81B1802A27C0D76B009C29B7 /* PBXContainerItemProxy */ = {
			isa = PBXContainerItemProxy;
			containerPortal = 81B1800B27C0D767009C29B7 /* Project object */;
			proxyType = 1;
			remoteGlobalIDString = 81B1801227C0D767009C29B7;
			remoteInfo = SpaceX;
		};
		81B1803427C0D76B009C29B7 /* PBXContainerItemProxy */ = {
			isa = PBXContainerItemProxy;
			containerPortal = 81B1800B27C0D767009C29B7 /* Project object */;
			proxyType = 1;
			remoteGlobalIDString = 81B1801227C0D767009C29B7;
			remoteInfo = SpaceX;
		};
/* End PBXContainerItemProxy section */

/* Begin PBXFileReference section */
		81B1801327C0D767009C29B7 /* SpaceX.app */ = {isa = PBXFileReference; explicitFileType = wrapper.application; includeInIndex = 0; path = SpaceX.app; sourceTree = BUILT_PRODUCTS_DIR; };
		81B1801627C0D767009C29B7 /* AppDelegate.swift */ = {isa = PBXFileReference; lastKnownFileType = sourcecode.swift; path = AppDelegate.swift; sourceTree = "<group>"; };
		81B1801827C0D767009C29B7 /* SceneDelegate.swift */ = {isa = PBXFileReference; lastKnownFileType = sourcecode.swift; path = SceneDelegate.swift; sourceTree = "<group>"; };
		81B1801A27C0D767009C29B7 /* ViewController.swift */ = {isa = PBXFileReference; lastKnownFileType = sourcecode.swift; path = ViewController.swift; sourceTree = "<group>"; };
		81B1801D27C0D767009C29B7 /* Base */ = {isa = PBXFileReference; lastKnownFileType = file.storyboard; name = Base; path = Base.lproj/Main.storyboard; sourceTree = "<group>"; };
		81B1801F27C0D76B009C29B7 /* Assets.xcassets */ = {isa = PBXFileReference; lastKnownFileType = folder.assetcatalog; path = Assets.xcassets; sourceTree = "<group>"; };
		81B1802227C0D76B009C29B7 /* Base */ = {isa = PBXFileReference; lastKnownFileType = file.storyboard; name = Base; path = Base.lproj/LaunchScreen.storyboard; sourceTree = "<group>"; };
		81B1802427C0D76B009C29B7 /* Info.plist */ = {isa = PBXFileReference; lastKnownFileType = text.plist.xml; path = Info.plist; sourceTree = "<group>"; };
		81B1802927C0D76B009C29B7 /* SpaceXTests.xctest */ = {isa = PBXFileReference; explicitFileType = wrapper.cfbundle; includeInIndex = 0; path = SpaceXTests.xctest; sourceTree = BUILT_PRODUCTS_DIR; };
		81B1802D27C0D76B009C29B7 /* SpaceXTests.swift */ = {isa = PBXFileReference; lastKnownFileType = sourcecode.swift; path = SpaceXTests.swift; sourceTree = "<group>"; };
		81B1803327C0D76B009C29B7 /* SpaceXUITests.xctest */ = {isa = PBXFileReference; explicitFileType = wrapper.cfbundle; includeInIndex = 0; path = SpaceXUITests.xctest; sourceTree = BUILT_PRODUCTS_DIR; };
		81B1803727C0D76B009C29B7 /* SpaceXUITests.swift */ = {isa = PBXFileReference; lastKnownFileType = sourcecode.swift; path = SpaceXUITests.swift; sourceTree = "<group>"; };
		81B1803927C0D76B009C29B7 /* SpaceXUITestsLaunchTests.swift */ = {isa = PBXFileReference; lastKnownFileType = sourcecode.swift; path = SpaceXUITestsLaunchTests.swift; sourceTree = "<group>"; };
		81B1805427C0DDAE009C29B7 /* Rocket.swift */ = {isa = PBXFileReference; lastKnownFileType = sourcecode.swift; path = Rocket.swift; sourceTree = "<group>"; };
		81B1805827C0E0FD009C29B7 /* Diameter.swift */ = {isa = PBXFileReference; lastKnownFileType = sourcecode.swift; path = Diameter.swift; sourceTree = "<group>"; };
		81B1805C27C0E13F009C29B7 /* Engines.swift */ = {isa = PBXFileReference; lastKnownFileType = sourcecode.swift; path = Engines.swift; sourceTree = "<group>"; };
		81B1806027C0E1A3009C29B7 /* ISP.swift */ = {isa = PBXFileReference; lastKnownFileType = sourcecode.swift; path = ISP.swift; sourceTree = "<group>"; };
		81B1806427C0E1D1009C29B7 /* Thrust.swift */ = {isa = PBXFileReference; lastKnownFileType = sourcecode.swift; path = Thrust.swift; sourceTree = "<group>"; };
		81B1806827C0E203009C29B7 /* FirstStage.swift */ = {isa = PBXFileReference; lastKnownFileType = sourcecode.swift; path = FirstStage.swift; sourceTree = "<group>"; };
		81B1806C27C0E236009C29B7 /* LandingLegs.swift */ = {isa = PBXFileReference; lastKnownFileType = sourcecode.swift; path = LandingLegs.swift; sourceTree = "<group>"; };
		81B1807027C0E29C009C29B7 /* File.swift */ = {isa = PBXFileReference; lastKnownFileType = sourcecode.swift; path = File.swift; sourceTree = "<group>"; };
		81B1807427C0E2E6009C29B7 /* PayloadWeight.swift */ = {isa = PBXFileReference; lastKnownFileType = sourcecode.swift; path = PayloadWeight.swift; sourceTree = "<group>"; };
		81B1807827C0E310009C29B7 /* SecondStage.swift */ = {isa = PBXFileReference; lastKnownFileType = sourcecode.swift; path = SecondStage.swift; sourceTree = "<group>"; };
		81B1807C27C0E33F009C29B7 /* Payloads.swift */ = {isa = PBXFileReference; lastKnownFileType = sourcecode.swift; path = Payloads.swift; sourceTree = "<group>"; };
		81B1808027C0E371009C29B7 /* CompositeFairing.swift */ = {isa = PBXFileReference; lastKnownFileType = sourcecode.swift; path = CompositeFairing.swift; sourceTree = "<group>"; };
/* End PBXFileReference section */

/* Begin PBXFrameworksBuildPhase section */
		81B1801027C0D767009C29B7 /* Frameworks */ = {
			isa = PBXFrameworksBuildPhase;
			buildActionMask = 2147483647;
			files = (
				81B1804D27C0DA1E009C29B7 /* RxMoya in Frameworks */,
				81B1804927C0DA1E009C29B7 /* Moya in Frameworks */,
				81B1805027C0DA86009C29B7 /* SDWebImage in Frameworks */,
				81B1804B27C0DA1E009C29B7 /* ReactiveMoya in Frameworks */,
			);
			runOnlyForDeploymentPostprocessing = 0;
		};
		81B1802627C0D76B009C29B7 /* Frameworks */ = {
			isa = PBXFrameworksBuildPhase;
			buildActionMask = 2147483647;
			files = (
			);
			runOnlyForDeploymentPostprocessing = 0;
		};
		81B1803027C0D76B009C29B7 /* Frameworks */ = {
			isa = PBXFrameworksBuildPhase;
			buildActionMask = 2147483647;
			files = (
			);
			runOnlyForDeploymentPostprocessing = 0;
		};
/* End PBXFrameworksBuildPhase section */

/* Begin PBXGroup section */
		81B1800A27C0D766009C29B7 = {
			isa = PBXGroup;
			children = (
				81B1801527C0D767009C29B7 /* SpaceX */,
				81B1802C27C0D76B009C29B7 /* SpaceXTests */,
				81B1803627C0D76B009C29B7 /* SpaceXUITests */,
				81B1801427C0D767009C29B7 /* Products */,
			);
			sourceTree = "<group>";
		};
		81B1801427C0D767009C29B7 /* Products */ = {
			isa = PBXGroup;
			children = (
				81B1801327C0D767009C29B7 /* SpaceX.app */,
				81B1802927C0D76B009C29B7 /* SpaceXTests.xctest */,
				81B1803327C0D76B009C29B7 /* SpaceXUITests.xctest */,
			);
			name = Products;
			sourceTree = "<group>";
		};
		81B1801527C0D767009C29B7 /* SpaceX */ = {
			isa = PBXGroup;
			children = (
				81B1805327C0DD21009C29B7 /* Models */,
				81B1805227C0DB0B009C29B7 /* Scene */,
				81B1805127C0DA9E009C29B7 /* Worker */,
				81B1804627C0D82C009C29B7 /* App */,
				81B1801A27C0D767009C29B7 /* ViewController.swift */,
				81B1801C27C0D767009C29B7 /* Main.storyboard */,
				81B1801F27C0D76B009C29B7 /* Assets.xcassets */,
				81B1802127C0D76B009C29B7 /* LaunchScreen.storyboard */,
				81B1802427C0D76B009C29B7 /* Info.plist */,
			);
			path = SpaceX;
			sourceTree = "<group>";
		};
		81B1802C27C0D76B009C29B7 /* SpaceXTests */ = {
			isa = PBXGroup;
			children = (
				81B1802D27C0D76B009C29B7 /* SpaceXTests.swift */,
			);
			path = SpaceXTests;
			sourceTree = "<group>";
		};
		81B1803627C0D76B009C29B7 /* SpaceXUITests */ = {
			isa = PBXGroup;
			children = (
				81B1803727C0D76B009C29B7 /* SpaceXUITests.swift */,
				81B1803927C0D76B009C29B7 /* SpaceXUITestsLaunchTests.swift */,
			);
			path = SpaceXUITests;
			sourceTree = "<group>";
		};
		81B1804627C0D82C009C29B7 /* App */ = {
			isa = PBXGroup;
			children = (
				81B1801627C0D767009C29B7 /* AppDelegate.swift */,
				81B1801827C0D767009C29B7 /* SceneDelegate.swift */,
			);
			path = App;
			sourceTree = "<group>";
		};
		81B1805127C0DA9E009C29B7 /* Worker */ = {
			isa = PBXGroup;
			children = (
			);
			path = Worker;
			sourceTree = "<group>";
		};
		81B1805227C0DB0B009C29B7 /* Scene */ = {
			isa = PBXGroup;
			children = (
			);
			path = Scene;
			sourceTree = "<group>";
		};
		81B1805327C0DD21009C29B7 /* Models */ = {
			isa = PBXGroup;
			children = (
				81B1805427C0DDAE009C29B7 /* Rocket.swift */,
				81B1805827C0E0FD009C29B7 /* Diameter.swift */,
				81B1805C27C0E13F009C29B7 /* Engines.swift */,
				81B1806027C0E1A3009C29B7 /* ISP.swift */,
				81B1806427C0E1D1009C29B7 /* Thrust.swift */,
				81B1806827C0E203009C29B7 /* FirstStage.swift */,
				81B1806C27C0E236009C29B7 /* LandingLegs.swift */,
				81B1807027C0E29C009C29B7 /* File.swift */,
				81B1807427C0E2E6009C29B7 /* PayloadWeight.swift */,
				81B1807827C0E310009C29B7 /* SecondStage.swift */,
				81B1807C27C0E33F009C29B7 /* Payloads.swift */,
				81B1808027C0E371009C29B7 /* CompositeFairing.swift */,
			);
			path = Models;
			sourceTree = "<group>";
		};
/* End PBXGroup section */

/* Begin PBXNativeTarget section */
		81B1801227C0D767009C29B7 /* SpaceX */ = {
			isa = PBXNativeTarget;
			buildConfigurationList = 81B1803D27C0D76B009C29B7 /* Build configuration list for PBXNativeTarget "SpaceX" */;
			buildPhases = (
				81B1800F27C0D767009C29B7 /* Sources */,
				81B1801027C0D767009C29B7 /* Frameworks */,
				81B1801127C0D767009C29B7 /* Resources */,
			);
			buildRules = (
			);
			dependencies = (
			);
			name = SpaceX;
			packageProductDependencies = (
				81B1804827C0DA1E009C29B7 /* Moya */,
				81B1804A27C0DA1E009C29B7 /* ReactiveMoya */,
				81B1804C27C0DA1E009C29B7 /* RxMoya */,
				81B1804F27C0DA86009C29B7 /* SDWebImage */,
			);
			productName = SpaceX;
			productReference = 81B1801327C0D767009C29B7 /* SpaceX.app */;
			productType = "com.apple.product-type.application";
		};
		81B1802827C0D76B009C29B7 /* SpaceXTests */ = {
			isa = PBXNativeTarget;
			buildConfigurationList = 81B1804027C0D76B009C29B7 /* Build configuration list for PBXNativeTarget "SpaceXTests" */;
			buildPhases = (
				81B1802527C0D76B009C29B7 /* Sources */,
				81B1802627C0D76B009C29B7 /* Frameworks */,
				81B1802727C0D76B009C29B7 /* Resources */,
			);
			buildRules = (
			);
			dependencies = (
				81B1802B27C0D76B009C29B7 /* PBXTargetDependency */,
			);
			name = SpaceXTests;
			productName = SpaceXTests;
			productReference = 81B1802927C0D76B009C29B7 /* SpaceXTests.xctest */;
			productType = "com.apple.product-type.bundle.unit-test";
		};
		81B1803227C0D76B009C29B7 /* SpaceXUITests */ = {
			isa = PBXNativeTarget;
			buildConfigurationList = 81B1804327C0D76B009C29B7 /* Build configuration list for PBXNativeTarget "SpaceXUITests" */;
			buildPhases = (
				81B1802F27C0D76B009C29B7 /* Sources */,
				81B1803027C0D76B009C29B7 /* Frameworks */,
				81B1803127C0D76B009C29B7 /* Resources */,
			);
			buildRules = (
			);
			dependencies = (
				81B1803527C0D76B009C29B7 /* PBXTargetDependency */,
			);
			name = SpaceXUITests;
			productName = SpaceXUITests;
			productReference = 81B1803327C0D76B009C29B7 /* SpaceXUITests.xctest */;
			productType = "com.apple.product-type.bundle.ui-testing";
		};
/* End PBXNativeTarget section */

/* Begin PBXProject section */
		81B1800B27C0D767009C29B7 /* Project object */ = {
			isa = PBXProject;
			attributes = {
				BuildIndependentTargetsInParallel = 1;
				LastSwiftUpdateCheck = 1320;
				LastUpgradeCheck = 1320;
				TargetAttributes = {
					81B1801227C0D767009C29B7 = {
						CreatedOnToolsVersion = 13.2.1;
					};
					81B1802827C0D76B009C29B7 = {
						CreatedOnToolsVersion = 13.2.1;
						TestTargetID = 81B1801227C0D767009C29B7;
					};
					81B1803227C0D76B009C29B7 = {
						CreatedOnToolsVersion = 13.2.1;
						TestTargetID = 81B1801227C0D767009C29B7;
					};
				};
			};
			buildConfigurationList = 81B1800E27C0D767009C29B7 /* Build configuration list for PBXProject "SpaceX" */;
			compatibilityVersion = "Xcode 13.0";
			developmentRegion = en;
			hasScannedForEncodings = 0;
			knownRegions = (
				en,
				Base,
			);
			mainGroup = 81B1800A27C0D766009C29B7;
			packageReferences = (
				81B1804727C0DA1D009C29B7 /* XCRemoteSwiftPackageReference "Moya" */,
				81B1804E27C0DA85009C29B7 /* XCRemoteSwiftPackageReference "SDWebImage" */,
			);
			productRefGroup = 81B1801427C0D767009C29B7 /* Products */;
			projectDirPath = "";
			projectRoot = "";
			targets = (
				81B1801227C0D767009C29B7 /* SpaceX */,
				81B1802827C0D76B009C29B7 /* SpaceXTests */,
				81B1803227C0D76B009C29B7 /* SpaceXUITests */,
			);
		};
/* End PBXProject section */

/* Begin PBXResourcesBuildPhase section */
		81B1801127C0D767009C29B7 /* Resources */ = {
			isa = PBXResourcesBuildPhase;
			buildActionMask = 2147483647;
			files = (
				81B1802327C0D76B009C29B7 /* LaunchScreen.storyboard in Resources */,
				81B1802027C0D76B009C29B7 /* Assets.xcassets in Resources */,
				81B1801E27C0D767009C29B7 /* Main.storyboard in Resources */,
			);
			runOnlyForDeploymentPostprocessing = 0;
		};
		81B1802727C0D76B009C29B7 /* Resources */ = {
			isa = PBXResourcesBuildPhase;
			buildActionMask = 2147483647;
			files = (
			);
			runOnlyForDeploymentPostprocessing = 0;
		};
		81B1803127C0D76B009C29B7 /* Resources */ = {
			isa = PBXResourcesBuildPhase;
			buildActionMask = 2147483647;
			files = (
			);
			runOnlyForDeploymentPostprocessing = 0;
		};
/* End PBXResourcesBuildPhase section */

/* Begin PBXSourcesBuildPhase section */
		81B1800F27C0D767009C29B7 /* Sources */ = {
			isa = PBXSourcesBuildPhase;
			buildActionMask = 2147483647;
			files = (
				81B1801B27C0D767009C29B7 /* ViewController.swift in Sources */,
				81B1806527C0E1D1009C29B7 /* Thrust.swift in Sources */,
				81B1801727C0D767009C29B7 /* AppDelegate.swift in Sources */,
				81B1805927C0E0FD009C29B7 /* Diameter.swift in Sources */,
				81B1807D27C0E33F009C29B7 /* Payloads.swift in Sources */,
				81B1808127C0E371009C29B7 /* CompositeFairing.swift in Sources */,
				81B1807527C0E2E6009C29B7 /* PayloadWeight.swift in Sources */,
				81B1806D27C0E237009C29B7 /* LandingLegs.swift in Sources */,
				81B1805D27C0E13F009C29B7 /* Engines.swift in Sources */,
				81B1806127C0E1A3009C29B7 /* ISP.swift in Sources */,
				81B1801927C0D767009C29B7 /* SceneDelegate.swift in Sources */,
				81B1806927C0E203009C29B7 /* FirstStage.swift in Sources */,
				81B1807127C0E29D009C29B7 /* File.swift in Sources */,
				81B1805527C0DDAE009C29B7 /* Rocket.swift in Sources */,
				81B1807927C0E311009C29B7 /* SecondStage.swift in Sources */,
			);
			runOnlyForDeploymentPostprocessing = 0;
		};
		81B1802527C0D76B009C29B7 /* Sources */ = {
			isa = PBXSourcesBuildPhase;
			buildActionMask = 2147483647;
			files = (
				81B1802E27C0D76B009C29B7 /* SpaceXTests.swift in Sources */,
				81B1805E27C0E13F009C29B7 /* Engines.swift in Sources */,
				81B1808227C0E371009C29B7 /* CompositeFairing.swift in Sources */,
				81B1807E27C0E33F009C29B7 /* Payloads.swift in Sources */,
				81B1805A27C0E0FD009C29B7 /* Diameter.swift in Sources */,
				81B1806227C0E1A3009C29B7 /* ISP.swift in Sources */,
				81B1807627C0E2E6009C29B7 /* PayloadWeight.swift in Sources */,
				81B1806E27C0E237009C29B7 /* LandingLegs.swift in Sources */,
				81B1806A27C0E203009C29B7 /* FirstStage.swift in Sources */,
				81B1805627C0DDAF009C29B7 /* Rocket.swift in Sources */,
				81B1807A27C0E311009C29B7 /* SecondStage.swift in Sources */,
				81B1807227C0E29D009C29B7 /* File.swift in Sources */,
				81B1806627C0E1D1009C29B7 /* Thrust.swift in Sources */,
			);
			runOnlyForDeploymentPostprocessing = 0;
		};
		81B1802F27C0D76B009C29B7 /* Sources */ = {
			isa = PBXSourcesBuildPhase;
			buildActionMask = 2147483647;
			files = (
				81B1808327C0E371009C29B7 /* CompositeFairing.swift in Sources */,
				81B1807B27C0E311009C29B7 /* SecondStage.swift in Sources */,
				81B1806727C0E1D1009C29B7 /* Thrust.swift in Sources */,
				81B1805B27C0E0FD009C29B7 /* Diameter.swift in Sources */,
				81B1807F27C0E33F009C29B7 /* Payloads.swift in Sources */,
				81B1805F27C0E13F009C29B7 /* Engines.swift in Sources */,
				81B1805727C0DDAF009C29B7 /* Rocket.swift in Sources */,
				81B1803A27C0D76B009C29B7 /* SpaceXUITestsLaunchTests.swift in Sources */,
				81B1807327C0E29D009C29B7 /* File.swift in Sources */,
				81B1806327C0E1A3009C29B7 /* ISP.swift in Sources */,
				81B1806F27C0E237009C29B7 /* LandingLegs.swift in Sources */,
				81B1803827C0D76B009C29B7 /* SpaceXUITests.swift in Sources */,
				81B1807727C0E2E6009C29B7 /* PayloadWeight.swift in Sources */,
				81B1806B27C0E203009C29B7 /* FirstStage.swift in Sources */,
			);
			runOnlyForDeploymentPostprocessing = 0;
		};
/* End PBXSourcesBuildPhase section */

/* Begin PBXTargetDependency section */
		81B1802B27C0D76B009C29B7 /* PBXTargetDependency */ = {
			isa = PBXTargetDependency;
			target = 81B1801227C0D767009C29B7 /* SpaceX */;
			targetProxy = 81B1802A27C0D76B009C29B7 /* PBXContainerItemProxy */;
		};
		81B1803527C0D76B009C29B7 /* PBXTargetDependency */ = {
			isa = PBXTargetDependency;
			target = 81B1801227C0D767009C29B7 /* SpaceX */;
			targetProxy = 81B1803427C0D76B009C29B7 /* PBXContainerItemProxy */;
		};
/* End PBXTargetDependency section */

/* Begin PBXVariantGroup section */
		81B1801C27C0D767009C29B7 /* Main.storyboard */ = {
			isa = PBXVariantGroup;
			children = (
				81B1801D27C0D767009C29B7 /* Base */,
			);
			name = Main.storyboard;
			sourceTree = "<group>";
		};
		81B1802127C0D76B009C29B7 /* LaunchScreen.storyboard */ = {
			isa = PBXVariantGroup;
			children = (
				81B1802227C0D76B009C29B7 /* Base */,
			);
			name = LaunchScreen.storyboard;
			sourceTree = "<group>";
		};
/* End PBXVariantGroup section */

/* Begin XCBuildConfiguration section */
		81B1803B27C0D76B009C29B7 /* Debug */ = {
			isa = XCBuildConfiguration;
			buildSettings = {
				ALWAYS_SEARCH_USER_PATHS = NO;
				CLANG_ANALYZER_NONNULL = YES;
				CLANG_ANALYZER_NUMBER_OBJECT_CONVERSION = YES_AGGRESSIVE;
				CLANG_CXX_LANGUAGE_STANDARD = "gnu++17";
				CLANG_CXX_LIBRARY = "libc++";
				CLANG_ENABLE_MODULES = YES;
				CLANG_ENABLE_OBJC_ARC = YES;
				CLANG_ENABLE_OBJC_WEAK = YES;
				CLANG_WARN_BLOCK_CAPTURE_AUTORELEASING = YES;
				CLANG_WARN_BOOL_CONVERSION = YES;
				CLANG_WARN_COMMA = YES;
				CLANG_WARN_CONSTANT_CONVERSION = YES;
				CLANG_WARN_DEPRECATED_OBJC_IMPLEMENTATIONS = YES;
				CLANG_WARN_DIRECT_OBJC_ISA_USAGE = YES_ERROR;
				CLANG_WARN_DOCUMENTATION_COMMENTS = YES;
				CLANG_WARN_EMPTY_BODY = YES;
				CLANG_WARN_ENUM_CONVERSION = YES;
				CLANG_WARN_INFINITE_RECURSION = YES;
				CLANG_WARN_INT_CONVERSION = YES;
				CLANG_WARN_NON_LITERAL_NULL_CONVERSION = YES;
				CLANG_WARN_OBJC_IMPLICIT_RETAIN_SELF = YES;
				CLANG_WARN_OBJC_LITERAL_CONVERSION = YES;
				CLANG_WARN_OBJC_ROOT_CLASS = YES_ERROR;
				CLANG_WARN_QUOTED_INCLUDE_IN_FRAMEWORK_HEADER = YES;
				CLANG_WARN_RANGE_LOOP_ANALYSIS = YES;
				CLANG_WARN_STRICT_PROTOTYPES = YES;
				CLANG_WARN_SUSPICIOUS_MOVE = YES;
				CLANG_WARN_UNGUARDED_AVAILABILITY = YES_AGGRESSIVE;
				CLANG_WARN_UNREACHABLE_CODE = YES;
				CLANG_WARN__DUPLICATE_METHOD_MATCH = YES;
				COPY_PHASE_STRIP = NO;
				DEBUG_INFORMATION_FORMAT = dwarf;
				ENABLE_STRICT_OBJC_MSGSEND = YES;
				ENABLE_TESTABILITY = YES;
				GCC_C_LANGUAGE_STANDARD = gnu11;
				GCC_DYNAMIC_NO_PIC = NO;
				GCC_NO_COMMON_BLOCKS = YES;
				GCC_OPTIMIZATION_LEVEL = 0;
				GCC_PREPROCESSOR_DEFINITIONS = (
					"DEBUG=1",
					"$(inherited)",
				);
				GCC_WARN_64_TO_32_BIT_CONVERSION = YES;
				GCC_WARN_ABOUT_RETURN_TYPE = YES_ERROR;
				GCC_WARN_UNDECLARED_SELECTOR = YES;
				GCC_WARN_UNINITIALIZED_AUTOS = YES_AGGRESSIVE;
				GCC_WARN_UNUSED_FUNCTION = YES;
				GCC_WARN_UNUSED_VARIABLE = YES;
				IPHONEOS_DEPLOYMENT_TARGET = 13.0;
				MTL_ENABLE_DEBUG_INFO = INCLUDE_SOURCE;
				MTL_FAST_MATH = YES;
				ONLY_ACTIVE_ARCH = YES;
				SDKROOT = iphoneos;
				SWIFT_ACTIVE_COMPILATION_CONDITIONS = DEBUG;
				SWIFT_OPTIMIZATION_LEVEL = "-Onone";
			};
			name = Debug;
		};
		81B1803C27C0D76B009C29B7 /* Release */ = {
			isa = XCBuildConfiguration;
			buildSettings = {
				ALWAYS_SEARCH_USER_PATHS = NO;
				CLANG_ANALYZER_NONNULL = YES;
				CLANG_ANALYZER_NUMBER_OBJECT_CONVERSION = YES_AGGRESSIVE;
				CLANG_CXX_LANGUAGE_STANDARD = "gnu++17";
				CLANG_CXX_LIBRARY = "libc++";
				CLANG_ENABLE_MODULES = YES;
				CLANG_ENABLE_OBJC_ARC = YES;
				CLANG_ENABLE_OBJC_WEAK = YES;
				CLANG_WARN_BLOCK_CAPTURE_AUTORELEASING = YES;
				CLANG_WARN_BOOL_CONVERSION = YES;
				CLANG_WARN_COMMA = YES;
				CLANG_WARN_CONSTANT_CONVERSION = YES;
				CLANG_WARN_DEPRECATED_OBJC_IMPLEMENTATIONS = YES;
				CLANG_WARN_DIRECT_OBJC_ISA_USAGE = YES_ERROR;
				CLANG_WARN_DOCUMENTATION_COMMENTS = YES;
				CLANG_WARN_EMPTY_BODY = YES;
				CLANG_WARN_ENUM_CONVERSION = YES;
				CLANG_WARN_INFINITE_RECURSION = YES;
				CLANG_WARN_INT_CONVERSION = YES;
				CLANG_WARN_NON_LITERAL_NULL_CONVERSION = YES;
				CLANG_WARN_OBJC_IMPLICIT_RETAIN_SELF = YES;
				CLANG_WARN_OBJC_LITERAL_CONVERSION = YES;
				CLANG_WARN_OBJC_ROOT_CLASS = YES_ERROR;
				CLANG_WARN_QUOTED_INCLUDE_IN_FRAMEWORK_HEADER = YES;
				CLANG_WARN_RANGE_LOOP_ANALYSIS = YES;
				CLANG_WARN_STRICT_PROTOTYPES = YES;
				CLANG_WARN_SUSPICIOUS_MOVE = YES;
				CLANG_WARN_UNGUARDED_AVAILABILITY = YES_AGGRESSIVE;
				CLANG_WARN_UNREACHABLE_CODE = YES;
				CLANG_WARN__DUPLICATE_METHOD_MATCH = YES;
				COPY_PHASE_STRIP = NO;
				DEBUG_INFORMATION_FORMAT = "dwarf-with-dsym";
				ENABLE_NS_ASSERTIONS = NO;
				ENABLE_STRICT_OBJC_MSGSEND = YES;
				GCC_C_LANGUAGE_STANDARD = gnu11;
				GCC_NO_COMMON_BLOCKS = YES;
				GCC_WARN_64_TO_32_BIT_CONVERSION = YES;
				GCC_WARN_ABOUT_RETURN_TYPE = YES_ERROR;
				GCC_WARN_UNDECLARED_SELECTOR = YES;
				GCC_WARN_UNINITIALIZED_AUTOS = YES_AGGRESSIVE;
				GCC_WARN_UNUSED_FUNCTION = YES;
				GCC_WARN_UNUSED_VARIABLE = YES;
				IPHONEOS_DEPLOYMENT_TARGET = 13.0;
				MTL_ENABLE_DEBUG_INFO = NO;
				MTL_FAST_MATH = YES;
				SDKROOT = iphoneos;
				SWIFT_COMPILATION_MODE = wholemodule;
				SWIFT_OPTIMIZATION_LEVEL = "-O";
				VALIDATE_PRODUCT = YES;
			};
			name = Release;
		};
		81B1803E27C0D76B009C29B7 /* Debug */ = {
			isa = XCBuildConfiguration;
			buildSettings = {
				ASSETCATALOG_COMPILER_APPICON_NAME = AppIcon;
				ASSETCATALOG_COMPILER_GLOBAL_ACCENT_COLOR_NAME = AccentColor;
				CODE_SIGN_STYLE = Automatic;
				CURRENT_PROJECT_VERSION = 1;
				DEVELOPMENT_TEAM = 85ZPF97TET;
				GENERATE_INFOPLIST_FILE = YES;
				INFOPLIST_FILE = SpaceX/Info.plist;
				INFOPLIST_KEY_UIApplicationSupportsIndirectInputEvents = YES;
				INFOPLIST_KEY_UILaunchStoryboardName = LaunchScreen;
				INFOPLIST_KEY_UIMainStoryboardFile = Main;
				INFOPLIST_KEY_UISupportedInterfaceOrientations_iPad = "UIInterfaceOrientationPortrait UIInterfaceOrientationPortraitUpsideDown UIInterfaceOrientationLandscapeLeft UIInterfaceOrientationLandscapeRight";
				INFOPLIST_KEY_UISupportedInterfaceOrientations_iPhone = "UIInterfaceOrientationPortrait UIInterfaceOrientationLandscapeLeft UIInterfaceOrientationLandscapeRight";
				IPHONEOS_DEPLOYMENT_TARGET = 13.0;
				LD_RUNPATH_SEARCH_PATHS = (
					"$(inherited)",
					"@executable_path/Frameworks",
				);
				MARKETING_VERSION = 1.0;
				PRODUCT_BUNDLE_IDENTIFIER = com.ebtekar.SpaceX;
				PRODUCT_NAME = "$(TARGET_NAME)";
				SWIFT_EMIT_LOC_STRINGS = YES;
				SWIFT_VERSION = 5.0;
				TARGETED_DEVICE_FAMILY = 1;
			};
			name = Debug;
		};
		81B1803F27C0D76B009C29B7 /* Release */ = {
			isa = XCBuildConfiguration;
			buildSettings = {
				ASSETCATALOG_COMPILER_APPICON_NAME = AppIcon;
				ASSETCATALOG_COMPILER_GLOBAL_ACCENT_COLOR_NAME = AccentColor;
				CODE_SIGN_STYLE = Automatic;
				CURRENT_PROJECT_VERSION = 1;
				DEVELOPMENT_TEAM = 85ZPF97TET;
				GENERATE_INFOPLIST_FILE = YES;
				INFOPLIST_FILE = SpaceX/Info.plist;
				INFOPLIST_KEY_UIApplicationSupportsIndirectInputEvents = YES;
				INFOPLIST_KEY_UILaunchStoryboardName = LaunchScreen;
				INFOPLIST_KEY_UIMainStoryboardFile = Main;
				INFOPLIST_KEY_UISupportedInterfaceOrientations_iPad = "UIInterfaceOrientationPortrait UIInterfaceOrientationPortraitUpsideDown UIInterfaceOrientationLandscapeLeft UIInterfaceOrientationLandscapeRight";
				INFOPLIST_KEY_UISupportedInterfaceOrientations_iPhone = "UIInterfaceOrientationPortrait UIInterfaceOrientationLandscapeLeft UIInterfaceOrientationLandscapeRight";
				IPHONEOS_DEPLOYMENT_TARGET = 13.0;
				LD_RUNPATH_SEARCH_PATHS = (
					"$(inherited)",
					"@executable_path/Frameworks",
				);
				MARKETING_VERSION = 1.0;
				PRODUCT_BUNDLE_IDENTIFIER = com.ebtekar.SpaceX;
				PRODUCT_NAME = "$(TARGET_NAME)";
				SWIFT_EMIT_LOC_STRINGS = YES;
				SWIFT_VERSION = 5.0;
				TARGETED_DEVICE_FAMILY = 1;
			};
			name = Release;
		};
		81B1804127C0D76B009C29B7 /* Debug */ = {
			isa = XCBuildConfiguration;
			buildSettings = {
				ALWAYS_EMBED_SWIFT_STANDARD_LIBRARIES = YES;
				BUNDLE_LOADER = "$(TEST_HOST)";
				CODE_SIGN_STYLE = Automatic;
				CURRENT_PROJECT_VERSION = 1;
				DEVELOPMENT_TEAM = 85ZPF97TET;
				GENERATE_INFOPLIST_FILE = YES;
				IPHONEOS_DEPLOYMENT_TARGET = 15.2;
				MARKETING_VERSION = 1.0;
				PRODUCT_BUNDLE_IDENTIFIER = com.ebtekar.SpaceXTests;
				PRODUCT_NAME = "$(TARGET_NAME)";
				SWIFT_EMIT_LOC_STRINGS = NO;
				SWIFT_VERSION = 5.0;
				TARGETED_DEVICE_FAMILY = "1,2";
				TEST_HOST = "$(BUILT_PRODUCTS_DIR)/SpaceX.app/SpaceX";
			};
			name = Debug;
		};
		81B1804227C0D76B009C29B7 /* Release */ = {
			isa = XCBuildConfiguration;
			buildSettings = {
				ALWAYS_EMBED_SWIFT_STANDARD_LIBRARIES = YES;
				BUNDLE_LOADER = "$(TEST_HOST)";
				CODE_SIGN_STYLE = Automatic;
				CURRENT_PROJECT_VERSION = 1;
				DEVELOPMENT_TEAM = 85ZPF97TET;
				GENERATE_INFOPLIST_FILE = YES;
				IPHONEOS_DEPLOYMENT_TARGET = 15.2;
				MARKETING_VERSION = 1.0;
				PRODUCT_BUNDLE_IDENTIFIER = com.ebtekar.SpaceXTests;
				PRODUCT_NAME = "$(TARGET_NAME)";
				SWIFT_EMIT_LOC_STRINGS = NO;
				SWIFT_VERSION = 5.0;
				TARGETED_DEVICE_FAMILY = "1,2";
				TEST_HOST = "$(BUILT_PRODUCTS_DIR)/SpaceX.app/SpaceX";
			};
			name = Release;
		};
		81B1804427C0D76B009C29B7 /* Debug */ = {
			isa = XCBuildConfiguration;
			buildSettings = {
				ALWAYS_EMBED_SWIFT_STANDARD_LIBRARIES = YES;
				CODE_SIGN_STYLE = Automatic;
				CURRENT_PROJECT_VERSION = 1;
				DEVELOPMENT_TEAM = 85ZPF97TET;
				GENERATE_INFOPLIST_FILE = YES;
				MARKETING_VERSION = 1.0;
				PRODUCT_BUNDLE_IDENTIFIER = com.ebtekar.SpaceXUITests;
				PRODUCT_NAME = "$(TARGET_NAME)";
				SWIFT_EMIT_LOC_STRINGS = NO;
				SWIFT_VERSION = 5.0;
				TARGETED_DEVICE_FAMILY = "1,2";
				TEST_TARGET_NAME = SpaceX;
			};
			name = Debug;
		};
		81B1804527C0D76B009C29B7 /* Release */ = {
			isa = XCBuildConfiguration;
			buildSettings = {
				ALWAYS_EMBED_SWIFT_STANDARD_LIBRARIES = YES;
				CODE_SIGN_STYLE = Automatic;
				CURRENT_PROJECT_VERSION = 1;
				DEVELOPMENT_TEAM = 85ZPF97TET;
				GENERATE_INFOPLIST_FILE = YES;
				MARKETING_VERSION = 1.0;
				PRODUCT_BUNDLE_IDENTIFIER = com.ebtekar.SpaceXUITests;
				PRODUCT_NAME = "$(TARGET_NAME)";
				SWIFT_EMIT_LOC_STRINGS = NO;
				SWIFT_VERSION = 5.0;
				TARGETED_DEVICE_FAMILY = "1,2";
				TEST_TARGET_NAME = SpaceX;
			};
			name = Release;
		};
/* End XCBuildConfiguration section */

/* Begin XCConfigurationList section */
		81B1800E27C0D767009C29B7 /* Build configuration list for PBXProject "SpaceX" */ = {
			isa = XCConfigurationList;
			buildConfigurations = (
				81B1803B27C0D76B009C29B7 /* Debug */,
				81B1803C27C0D76B009C29B7 /* Release */,
			);
			defaultConfigurationIsVisible = 0;
			defaultConfigurationName = Release;
		};
		81B1803D27C0D76B009C29B7 /* Build configuration list for PBXNativeTarget "SpaceX" */ = {
			isa = XCConfigurationList;
			buildConfigurations = (
				81B1803E27C0D76B009C29B7 /* Debug */,
				81B1803F27C0D76B009C29B7 /* Release */,
			);
			defaultConfigurationIsVisible = 0;
			defaultConfigurationName = Release;
		};
		81B1804027C0D76B009C29B7 /* Build configuration list for PBXNativeTarget "SpaceXTests" */ = {
			isa = XCConfigurationList;
			buildConfigurations = (
				81B1804127C0D76B009C29B7 /* Debug */,
				81B1804227C0D76B009C29B7 /* Release */,
			);
			defaultConfigurationIsVisible = 0;
			defaultConfigurationName = Release;
		};
		81B1804327C0D76B009C29B7 /* Build configuration list for PBXNativeTarget "SpaceXUITests" */ = {
			isa = XCConfigurationList;
			buildConfigurations = (
				81B1804427C0D76B009C29B7 /* Debug */,
				81B1804527C0D76B009C29B7 /* Release */,
			);
			defaultConfigurationIsVisible = 0;
			defaultConfigurationName = Release;
		};
/* End XCConfigurationList section */

/* Begin XCRemoteSwiftPackageReference section */
		81B1804727C0DA1D009C29B7 /* XCRemoteSwiftPackageReference "Moya" */ = {
			isa = XCRemoteSwiftPackageReference;
			repositoryURL = "https://github.com/Moya/Moya.git";
			requirement = {
				kind = upToNextMajorVersion;
				minimumVersion = 14.0.1;
			};
		};
		81B1804E27C0DA85009C29B7 /* XCRemoteSwiftPackageReference "SDWebImage" */ = {
			isa = XCRemoteSwiftPackageReference;
			repositoryURL = "https://github.com/SDWebImage/SDWebImage.git";
			requirement = {
				kind = upToNextMajorVersion;
				minimumVersion = 5.11.1;
			};
		};
/* End XCRemoteSwiftPackageReference section */

/* Begin XCSwiftPackageProductDependency section */
		81B1804827C0DA1E009C29B7 /* Moya */ = {
			isa = XCSwiftPackageProductDependency;
			package = 81B1804727C0DA1D009C29B7 /* XCRemoteSwiftPackageReference "Moya" */;
			productName = Moya;
		};
		81B1804A27C0DA1E009C29B7 /* ReactiveMoya */ = {
			isa = XCSwiftPackageProductDependency;
			package = 81B1804727C0DA1D009C29B7 /* XCRemoteSwiftPackageReference "Moya" */;
			productName = ReactiveMoya;
		};
		81B1804C27C0DA1E009C29B7 /* RxMoya */ = {
			isa = XCSwiftPackageProductDependency;
			package = 81B1804727C0DA1D009C29B7 /* XCRemoteSwiftPackageReference "Moya" */;
			productName = RxMoya;
		};
		81B1804F27C0DA86009C29B7 /* SDWebImage */ = {
			isa = XCSwiftPackageProductDependency;
			package = 81B1804E27C0DA85009C29B7 /* XCRemoteSwiftPackageReference "SDWebImage" */;
			productName = SDWebImage;
		};
/* End XCSwiftPackageProductDependency section */
	};
	rootObject = 81B1800B27C0D767009C29B7 /* Project object */;
}
